
Microsoft Visual Studio Solution File, Format Version 12.00
# Visual Studio Version 17
VisualStudioVersion = 17.1.32421.90
MinimumVisualStudioVersion = 10.0.40219.1
Project("{FAE04EC0-301F-11D3-BF4B-00C04F79EFBC}") = "Lab01_Bai01_HelloWorld", "Lab01_Bai01_HelloWorld\Lab01_Bai01_HelloWorld.csproj", "{9236EEA9-9DE5-41BC-BB4D-4A0EF87631CD}"
EndProject
Global
	GlobalSection(SolutionConfigurationPlatforms) = preSolution
		Debug|Any CPU = Debug|Any CPU
		Release|Any CPU = Release|Any CPU
	EndGlobalSection
	GlobalSection(ProjectConfigurationPlatforms) = postSolution
		{9236EEA9-9DE5-41BC-BB4D-4A0EF87631CD}.Debug|Any CPU.ActiveCfg = Debug|Any CPU
		{9236EEA9-9DE5-41BC-BB4D-4A0EF87631CD}.Debug|Any CPU.Build.0 = Debug|Any CPU
		{9236EEA9-9DE5-41BC-BB4D-4A0EF87631CD}.Release|Any CPU.ActiveCfg = Release|Any CPU
		{9236EEA9-9DE5-41BC-BB4D-4A0EF87631CD}.Release|Any CPU.Build.0 = Release|Any CPU
	EndGlobalSection
	GlobalSection(SolutionProperties) = preSolution
		HideSolutionNode = FALSE
	EndGlobalSection
	GlobalSection(ExtensibilityGlobals) = postSolution
		SolutionGuid = {CCF8A7A0-5368-4BC9-B4C2-A0C3F77F69F2}
	EndGlobalSection
EndGlobal
