
Microsoft Visual Studio Solution File, Format Version 12.00
# Visual Studio Version 17
VisualStudioVersion = 17.10.34916.146
MinimumVisualStudioVersion = 10.0.40219.1
Project("{FAE04EC0-301F-11D3-BF4B-00C04F79EFBC}") = "Lab02_D_Bai10", "Lab02_D_Bai10.csproj", "{B17FD54D-D7E7-407A-8FDA-209748F1331C}"
EndProject
Global
	GlobalSection(SolutionConfigurationPlatforms) = preSolution
		Debug|Any CPU = Debug|Any CPU
		Release|Any CPU = Release|Any CPU
	EndGlobalSection
	GlobalSection(ProjectConfigurationPlatforms) = postSolution
		{B17FD54D-D7E7-407A-8FDA-209748F1331C}.Debug|Any CPU.ActiveCfg = Debug|Any CPU
		{B17FD54D-D7E7-407A-8FDA-209748F1331C}.Debug|Any CPU.Build.0 = Debug|Any CPU
		{B17FD54D-D7E7-407A-8FDA-209748F1331C}.Release|Any CPU.ActiveCfg = Release|Any CPU
		{B17FD54D-D7E7-407A-8FDA-209748F1331C}.Release|Any CPU.Build.0 = Release|Any CPU
	EndGlobalSection
	GlobalSection(SolutionProperties) = preSolution
		HideSolutionNode = FALSE
	EndGlobalSection
	GlobalSection(ExtensibilityGlobals) = postSolution
		SolutionGuid = {A15FB989-3716-461A-A0DA-09972DDC1D44}
	EndGlobalSection
EndGlobal
