
Microsoft Visual Studio Solution File, Format Version 12.00
# Visual Studio Version 17
VisualStudioVersion = 17.10.34916.146
MinimumVisualStudioVersion = 10.0.40219.1
Project("{FAE04EC0-301F-11D3-BF4B-00C04F79EFBC}") = "Bai03_D_Bai05", "Bai03_D_Bai05.csproj", "{0BFEA2C4-90EE-429F-8BEE-4EEF5415D210}"
EndProject
Global
	GlobalSection(SolutionConfigurationPlatforms) = preSolution
		Debug|Any CPU = Debug|Any CPU
		Release|Any CPU = Release|Any CPU
	EndGlobalSection
	GlobalSection(ProjectConfigurationPlatforms) = postSolution
		{0BFEA2C4-90EE-429F-8BEE-4EEF5415D210}.Debug|Any CPU.ActiveCfg = Debug|Any CPU
		{0BFEA2C4-90EE-429F-8BEE-4EEF5415D210}.Debug|Any CPU.Build.0 = Debug|Any CPU
		{0BFEA2C4-90EE-429F-8BEE-4EEF5415D210}.Release|Any CPU.ActiveCfg = Release|Any CPU
		{0BFEA2C4-90EE-429F-8BEE-4EEF5415D210}.Release|Any CPU.Build.0 = Release|Any CPU
	EndGlobalSection
	GlobalSection(SolutionProperties) = preSolution
		HideSolutionNode = FALSE
	EndGlobalSection
	GlobalSection(ExtensibilityGlobals) = postSolution
		SolutionGuid = {ED8F8380-0A83-4622-A9C6-A74801E6F1F3}
	EndGlobalSection
EndGlobal
