
Microsoft Visual Studio Solution File, Format Version 12.00
# Visual Studio Version 17
VisualStudioVersion = 17.10.34928.147
MinimumVisualStudioVersion = 10.0.40219.1
Project("{FAE04EC0-301F-11D3-BF4B-00C04F79EFBC}") = "Lab05_D_Bai3", "Lab05_D_Bai3.csproj", "{7E7D200C-F054-4963-8D59-BF088471361F}"
EndProject
Global
	GlobalSection(SolutionConfigurationPlatforms) = preSolution
		Debug|Any CPU = Debug|Any CPU
		Release|Any CPU = Release|Any CPU
	EndGlobalSection
	GlobalSection(ProjectConfigurationPlatforms) = postSolution
		{7E7D200C-F054-4963-8D59-BF088471361F}.Debug|Any CPU.ActiveCfg = Debug|Any CPU
		{7E7D200C-F054-4963-8D59-BF088471361F}.Debug|Any CPU.Build.0 = Debug|Any CPU
		{7E7D200C-F054-4963-8D59-BF088471361F}.Release|Any CPU.ActiveCfg = Release|Any CPU
		{7E7D200C-F054-4963-8D59-BF088471361F}.Release|Any CPU.Build.0 = Release|Any CPU
	EndGlobalSection
	GlobalSection(SolutionProperties) = preSolution
		HideSolutionNode = FALSE
	EndGlobalSection
	GlobalSection(ExtensibilityGlobals) = postSolution
		SolutionGuid = {B9B98F7F-498C-4BC1-A6FB-BA4AF45C6546}
	EndGlobalSection
EndGlobal
