
Microsoft Visual Studio Solution File, Format Version 12.00
# Visual Studio Version 17
VisualStudioVersion = 17.7.34018.315
MinimumVisualStudioVersion = 10.0.40219.1
Project("{FAE04EC0-301F-11D3-BF4B-00C04F79EFBC}") = "Lab02_Bai03_HamDeQuy", "Lab02_Bai03_HamDeQuy.csproj", "{19A7CA79-5A15-48E9-A905-1E82DA62E05D}"
EndProject
Global
	GlobalSection(SolutionConfigurationPlatforms) = preSolution
		Debug|Any CPU = Debug|Any CPU
		Release|Any CPU = Release|Any CPU
	EndGlobalSection
	GlobalSection(ProjectConfigurationPlatforms) = postSolution
		{19A7CA79-5A15-48E9-A905-1E82DA62E05D}.Debug|Any CPU.ActiveCfg = Debug|Any CPU
		{19A7CA79-5A15-48E9-A905-1E82DA62E05D}.Debug|Any CPU.Build.0 = Debug|Any CPU
		{19A7CA79-5A15-48E9-A905-1E82DA62E05D}.Release|Any CPU.ActiveCfg = Release|Any CPU
		{19A7CA79-5A15-48E9-A905-1E82DA62E05D}.Release|Any CPU.Build.0 = Release|Any CPU
	EndGlobalSection
	GlobalSection(SolutionProperties) = preSolution
		HideSolutionNode = FALSE
	EndGlobalSection
	GlobalSection(ExtensibilityGlobals) = postSolution
		SolutionGuid = {7C6640BE-C534-4CE6-9594-8949C60F3C19}
	EndGlobalSection
EndGlobal
