
Microsoft Visual Studio Solution File, Format Version 12.00
# Visual Studio Version 17
VisualStudioVersion = 17.7.34018.315
MinimumVisualStudioVersion = 10.0.40219.1
Project("{FAE04EC0-301F-11D3-BF4B-00C04F79EFBC}") = "Lab09_Bai06_SuDungEventHandler", "Lab09_Bai06_SuDungEventHandler.csproj", "{722FAB4E-FAC8-4CB3-A691-A48935B43A5B}"
EndProject
Global
	GlobalSection(SolutionConfigurationPlatforms) = preSolution
		Debug|Any CPU = Debug|Any CPU
		Release|Any CPU = Release|Any CPU
	EndGlobalSection
	GlobalSection(ProjectConfigurationPlatforms) = postSolution
		{722FAB4E-FAC8-4CB3-A691-A48935B43A5B}.Debug|Any CPU.ActiveCfg = Debug|Any CPU
		{722FAB4E-FAC8-4CB3-A691-A48935B43A5B}.Debug|Any CPU.Build.0 = Debug|Any CPU
		{722FAB4E-FAC8-4CB3-A691-A48935B43A5B}.Release|Any CPU.ActiveCfg = Release|Any CPU
		{722FAB4E-FAC8-4CB3-A691-A48935B43A5B}.Release|Any CPU.Build.0 = Release|Any CPU
	EndGlobalSection
	GlobalSection(SolutionProperties) = preSolution
		HideSolutionNode = FALSE
	EndGlobalSection
	GlobalSection(ExtensibilityGlobals) = postSolution
		SolutionGuid = {2854BAE7-C85D-434A-969A-D7A24D3D24BF}
	EndGlobalSection
EndGlobal
