
Microsoft Visual Studio Solution File, Format Version 12.00
# Visual Studio Version 17
VisualStudioVersion = 17.10.34928.147
MinimumVisualStudioVersion = 10.0.40219.1
Project("{FAE04EC0-301F-11D3-BF4B-00C04F79EFBC}") = "Lab03_E_Bai2", "Lab03_E_Bai2.csproj", "{F17BA052-B283-43C5-AE48-8C2C255018A4}"
EndProject
Global
	GlobalSection(SolutionConfigurationPlatforms) = preSolution
		Debug|Any CPU = Debug|Any CPU
		Release|Any CPU = Release|Any CPU
	EndGlobalSection
	GlobalSection(ProjectConfigurationPlatforms) = postSolution
		{F17BA052-B283-43C5-AE48-8C2C255018A4}.Debug|Any CPU.ActiveCfg = Debug|Any CPU
		{F17BA052-B283-43C5-AE48-8C2C255018A4}.Debug|Any CPU.Build.0 = Debug|Any CPU
		{F17BA052-B283-43C5-AE48-8C2C255018A4}.Release|Any CPU.ActiveCfg = Release|Any CPU
		{F17BA052-B283-43C5-AE48-8C2C255018A4}.Release|Any CPU.Build.0 = Release|Any CPU
	EndGlobalSection
	GlobalSection(SolutionProperties) = preSolution
		HideSolutionNode = FALSE
	EndGlobalSection
	GlobalSection(ExtensibilityGlobals) = postSolution
		SolutionGuid = {9666975B-13A5-4BAB-95B9-F346DD7A07AE}
	EndGlobalSection
EndGlobal
