
Microsoft Visual Studio Solution File, Format Version 12.00
# Visual Studio Version 17
VisualStudioVersion = 17.10.34916.146
MinimumVisualStudioVersion = 10.0.40219.1
Project("{FAE04EC0-301F-11D3-BF4B-00C04F79EFBC}") = "Lab02_E_Bai06", "Lab02_E_Bai06.csproj", "{67BF5E60-46A9-4AF3-AC60-23AA81F08666}"
EndProject
Global
	GlobalSection(SolutionConfigurationPlatforms) = preSolution
		Debug|Any CPU = Debug|Any CPU
		Release|Any CPU = Release|Any CPU
	EndGlobalSection
	GlobalSection(ProjectConfigurationPlatforms) = postSolution
		{67BF5E60-46A9-4AF3-AC60-23AA81F08666}.Debug|Any CPU.ActiveCfg = Debug|Any CPU
		{67BF5E60-46A9-4AF3-AC60-23AA81F08666}.Debug|Any CPU.Build.0 = Debug|Any CPU
		{67BF5E60-46A9-4AF3-AC60-23AA81F08666}.Release|Any CPU.ActiveCfg = Release|Any CPU
		{67BF5E60-46A9-4AF3-AC60-23AA81F08666}.Release|Any CPU.Build.0 = Release|Any CPU
	EndGlobalSection
	GlobalSection(SolutionProperties) = preSolution
		HideSolutionNode = FALSE
	EndGlobalSection
	GlobalSection(ExtensibilityGlobals) = postSolution
		SolutionGuid = {57182E32-6658-4CB8-8887-01C7C1F9C5FA}
	EndGlobalSection
EndGlobal
