
Microsoft Visual Studio Solution File, Format Version 12.00
# Visual Studio Version 17
VisualStudioVersion = 17.10.34916.146
MinimumVisualStudioVersion = 10.0.40219.1
Project("{FAE04EC0-301F-11D3-BF4B-00C04F79EFBC}") = "Lab01_E_Bai05", "Lab01_E_Bai05.csproj", "{5ABFD32C-95C2-43A6-A130-648670CBDD0E}"
EndProject
Global
	GlobalSection(SolutionConfigurationPlatforms) = preSolution
		Debug|Any CPU = Debug|Any CPU
		Release|Any CPU = Release|Any CPU
	EndGlobalSection
	GlobalSection(ProjectConfigurationPlatforms) = postSolution
		{5ABFD32C-95C2-43A6-A130-648670CBDD0E}.Debug|Any CPU.ActiveCfg = Debug|Any CPU
		{5ABFD32C-95C2-43A6-A130-648670CBDD0E}.Debug|Any CPU.Build.0 = Debug|Any CPU
		{5ABFD32C-95C2-43A6-A130-648670CBDD0E}.Release|Any CPU.ActiveCfg = Release|Any CPU
		{5ABFD32C-95C2-43A6-A130-648670CBDD0E}.Release|Any CPU.Build.0 = Release|Any CPU
	EndGlobalSection
	GlobalSection(SolutionProperties) = preSolution
		HideSolutionNode = FALSE
	EndGlobalSection
	GlobalSection(ExtensibilityGlobals) = postSolution
		SolutionGuid = {FC1D0339-9311-4434-9E05-70422B35FDD3}
	EndGlobalSection
EndGlobal
