
Microsoft Visual Studio Solution File, Format Version 12.00
# Visual Studio Version 17
VisualStudioVersion = 17.10.35013.160
MinimumVisualStudioVersion = 10.0.40219.1
Project("{FAE04EC0-301F-11D3-BF4B-00C04F79EFBC}") = "Lab08_E_Bai3", "Lab08_E_Bai3.csproj", "{2F252591-555A-44D1-97AC-B0C082A2A7EC}"
EndProject
Global
	GlobalSection(SolutionConfigurationPlatforms) = preSolution
		Debug|Any CPU = Debug|Any CPU
		Release|Any CPU = Release|Any CPU
	EndGlobalSection
	GlobalSection(ProjectConfigurationPlatforms) = postSolution
		{2F252591-555A-44D1-97AC-B0C082A2A7EC}.Debug|Any CPU.ActiveCfg = Debug|Any CPU
		{2F252591-555A-44D1-97AC-B0C082A2A7EC}.Debug|Any CPU.Build.0 = Debug|Any CPU
		{2F252591-555A-44D1-97AC-B0C082A2A7EC}.Release|Any CPU.ActiveCfg = Release|Any CPU
		{2F252591-555A-44D1-97AC-B0C082A2A7EC}.Release|Any CPU.Build.0 = Release|Any CPU
	EndGlobalSection
	GlobalSection(SolutionProperties) = preSolution
		HideSolutionNode = FALSE
	EndGlobalSection
	GlobalSection(ExtensibilityGlobals) = postSolution
		SolutionGuid = {FE4E0011-EEBE-4D32-BCCD-8B1F3F8E7A64}
	EndGlobalSection
EndGlobal
