
Microsoft Visual Studio Solution File, Format Version 12.00
# Visual Studio Version 17
VisualStudioVersion = 17.10.34916.146
MinimumVisualStudioVersion = 10.0.40219.1
Project("{FAE04EC0-301F-11D3-BF4B-00C04F79EFBC}") = "Bai03_D_Bai02", "Bai03_D_Bai02.csproj", "{F558E6AD-1C27-4E9F-8FA8-D1ECEACC01D2}"
EndProject
Global
	GlobalSection(SolutionConfigurationPlatforms) = preSolution
		Debug|Any CPU = Debug|Any CPU
		Release|Any CPU = Release|Any CPU
	EndGlobalSection
	GlobalSection(ProjectConfigurationPlatforms) = postSolution
		{F558E6AD-1C27-4E9F-8FA8-D1ECEACC01D2}.Debug|Any CPU.ActiveCfg = Debug|Any CPU
		{F558E6AD-1C27-4E9F-8FA8-D1ECEACC01D2}.Debug|Any CPU.Build.0 = Debug|Any CPU
		{F558E6AD-1C27-4E9F-8FA8-D1ECEACC01D2}.Release|Any CPU.ActiveCfg = Release|Any CPU
		{F558E6AD-1C27-4E9F-8FA8-D1ECEACC01D2}.Release|Any CPU.Build.0 = Release|Any CPU
	EndGlobalSection
	GlobalSection(SolutionProperties) = preSolution
		HideSolutionNode = FALSE
	EndGlobalSection
	GlobalSection(ExtensibilityGlobals) = postSolution
		SolutionGuid = {A8A974EF-CA46-4DB4-8A02-908B13C56157}
	EndGlobalSection
EndGlobal
