
Microsoft Visual Studio Solution File, Format Version 12.00
# Visual Studio Version 17
VisualStudioVersion = 17.7.34202.233
MinimumVisualStudioVersion = 10.0.40219.1
Project("{FAE04EC0-301F-11D3-BF4B-00C04F79EFBC}") = "Mang1ChieuSoNguyen", "Mang1ChieuSoNguyen.csproj", "{50E08457-F298-4B30-9451-3759DBCBCBDB}"
EndProject
Global
	GlobalSection(SolutionConfigurationPlatforms) = preSolution
		Debug|Any CPU = Debug|Any CPU
		Release|Any CPU = Release|Any CPU
	EndGlobalSection
	GlobalSection(ProjectConfigurationPlatforms) = postSolution
		{50E08457-F298-4B30-9451-3759DBCBCBDB}.Debug|Any CPU.ActiveCfg = Debug|Any CPU
		{50E08457-F298-4B30-9451-3759DBCBCBDB}.Debug|Any CPU.Build.0 = Debug|Any CPU
		{50E08457-F298-4B30-9451-3759DBCBCBDB}.Release|Any CPU.ActiveCfg = Release|Any CPU
		{50E08457-F298-4B30-9451-3759DBCBCBDB}.Release|Any CPU.Build.0 = Release|Any CPU
	EndGlobalSection
	GlobalSection(SolutionProperties) = preSolution
		HideSolutionNode = FALSE
	EndGlobalSection
	GlobalSection(ExtensibilityGlobals) = postSolution
		SolutionGuid = {EEE0D666-8976-4B7D-8B0C-EC7CE4217990}
	EndGlobalSection
EndGlobal
