
Microsoft Visual Studio Solution File, Format Version 12.00
# Visual Studio Version 17
VisualStudioVersion = 17.7.34018.315
MinimumVisualStudioVersion = 10.0.40219.1
Project("{FAE04EC0-301F-11D3-BF4B-00C04F79EFBC}") = "Lab02_Bai05_CacThaoTacTrenChuoi", "Lab02_Bai05_CacThaoTacTrenChuoi.csproj", "{337D76D3-2C40-4FA7-8CA2-E65C4B9DFFED}"
EndProject
Global
	GlobalSection(SolutionConfigurationPlatforms) = preSolution
		Debug|Any CPU = Debug|Any CPU
		Release|Any CPU = Release|Any CPU
	EndGlobalSection
	GlobalSection(ProjectConfigurationPlatforms) = postSolution
		{337D76D3-2C40-4FA7-8CA2-E65C4B9DFFED}.Debug|Any CPU.ActiveCfg = Debug|Any CPU
		{337D76D3-2C40-4FA7-8CA2-E65C4B9DFFED}.Debug|Any CPU.Build.0 = Debug|Any CPU
		{337D76D3-2C40-4FA7-8CA2-E65C4B9DFFED}.Release|Any CPU.ActiveCfg = Release|Any CPU
		{337D76D3-2C40-4FA7-8CA2-E65C4B9DFFED}.Release|Any CPU.Build.0 = Release|Any CPU
	EndGlobalSection
	GlobalSection(SolutionProperties) = preSolution
		HideSolutionNode = FALSE
	EndGlobalSection
	GlobalSection(ExtensibilityGlobals) = postSolution
		SolutionGuid = {B7FF644D-6827-41B3-9D1C-4FAB3F9B365A}
	EndGlobalSection
EndGlobal
