
Microsoft Visual Studio Solution File, Format Version 12.00
# Visual Studio Version 17
VisualStudioVersion = 17.10.35013.160
MinimumVisualStudioVersion = 10.0.40219.1
Project("{FAE04EC0-301F-11D3-BF4B-00C04F79EFBC}") = "Lab08_E_Bai1(Lab08_Bai05_QuanLyHinhHoc(P3))", "Lab08_E_Bai1(Lab08_Bai05_QuanLyHinhHoc(P3)).csproj", "{A66F415F-8742-48BF-89A3-8F3A66BD7634}"
EndProject
Global
	GlobalSection(SolutionConfigurationPlatforms) = preSolution
		Debug|Any CPU = Debug|Any CPU
		Release|Any CPU = Release|Any CPU
	EndGlobalSection
	GlobalSection(ProjectConfigurationPlatforms) = postSolution
		{A66F415F-8742-48BF-89A3-8F3A66BD7634}.Debug|Any CPU.ActiveCfg = Debug|Any CPU
		{A66F415F-8742-48BF-89A3-8F3A66BD7634}.Debug|Any CPU.Build.0 = Debug|Any CPU
		{A66F415F-8742-48BF-89A3-8F3A66BD7634}.Release|Any CPU.ActiveCfg = Release|Any CPU
		{A66F415F-8742-48BF-89A3-8F3A66BD7634}.Release|Any CPU.Build.0 = Release|Any CPU
	EndGlobalSection
	GlobalSection(SolutionProperties) = preSolution
		HideSolutionNode = FALSE
	EndGlobalSection
	GlobalSection(ExtensibilityGlobals) = postSolution
		SolutionGuid = {2D8A1D64-9133-4418-B475-6619E920F2E4}
	EndGlobalSection
EndGlobal
