
Microsoft Visual Studio Solution File, Format Version 12.00
# Visual Studio Version 17
VisualStudioVersion = 17.10.35013.160
MinimumVisualStudioVersion = 10.0.40219.1
Project("{FAE04EC0-301F-11D3-BF4B-00C04F79EFBC}") = "Lab08_E_Bai4", "Lab08_E_Bai4.csproj", "{2E4AC507-D244-471E-89F6-B82696B464A0}"
EndProject
Global
	GlobalSection(SolutionConfigurationPlatforms) = preSolution
		Debug|Any CPU = Debug|Any CPU
		Release|Any CPU = Release|Any CPU
	EndGlobalSection
	GlobalSection(ProjectConfigurationPlatforms) = postSolution
		{2E4AC507-D244-471E-89F6-B82696B464A0}.Debug|Any CPU.ActiveCfg = Debug|Any CPU
		{2E4AC507-D244-471E-89F6-B82696B464A0}.Debug|Any CPU.Build.0 = Debug|Any CPU
		{2E4AC507-D244-471E-89F6-B82696B464A0}.Release|Any CPU.ActiveCfg = Release|Any CPU
		{2E4AC507-D244-471E-89F6-B82696B464A0}.Release|Any CPU.Build.0 = Release|Any CPU
	EndGlobalSection
	GlobalSection(SolutionProperties) = preSolution
		HideSolutionNode = FALSE
	EndGlobalSection
	GlobalSection(ExtensibilityGlobals) = postSolution
		SolutionGuid = {38444736-C42C-452B-9133-7981DBB38E50}
	EndGlobalSection
EndGlobal
