
Microsoft Visual Studio Solution File, Format Version 12.00
# Visual Studio Version 17
VisualStudioVersion = 17.10.34928.147
MinimumVisualStudioVersion = 10.0.40219.1
Project("{FAE04EC0-301F-11D3-BF4B-00C04F79EFBC}") = "Lab03_D_Bai8", "Lab03_D_Bai8.csproj", "{3E3B2380-5AC7-4F8A-9BE6-10565F6FE7F6}"
EndProject
Global
	GlobalSection(SolutionConfigurationPlatforms) = preSolution
		Debug|Any CPU = Debug|Any CPU
		Release|Any CPU = Release|Any CPU
	EndGlobalSection
	GlobalSection(ProjectConfigurationPlatforms) = postSolution
		{3E3B2380-5AC7-4F8A-9BE6-10565F6FE7F6}.Debug|Any CPU.ActiveCfg = Debug|Any CPU
		{3E3B2380-5AC7-4F8A-9BE6-10565F6FE7F6}.Debug|Any CPU.Build.0 = Debug|Any CPU
		{3E3B2380-5AC7-4F8A-9BE6-10565F6FE7F6}.Release|Any CPU.ActiveCfg = Release|Any CPU
		{3E3B2380-5AC7-4F8A-9BE6-10565F6FE7F6}.Release|Any CPU.Build.0 = Release|Any CPU
	EndGlobalSection
	GlobalSection(SolutionProperties) = preSolution
		HideSolutionNode = FALSE
	EndGlobalSection
	GlobalSection(ExtensibilityGlobals) = postSolution
		SolutionGuid = {101648BA-3738-4A2E-8777-7E182495306D}
	EndGlobalSection
EndGlobal
