
Microsoft Visual Studio Solution File, Format Version 12.00
# Visual Studio Version 17
VisualStudioVersion = 17.9.34728.123
MinimumVisualStudioVersion = 10.0.40219.1
Project("{FAE04EC0-301F-11D3-BF4B-00C04F79EFBC}") = "Lab02_D_Bai01", "Lab02_D_Bai01.csproj", "{2F86AF0F-14A1-45A2-BD97-43C417EF008A}"
EndProject
Global
	GlobalSection(SolutionConfigurationPlatforms) = preSolution
		Debug|Any CPU = Debug|Any CPU
		Release|Any CPU = Release|Any CPU
	EndGlobalSection
	GlobalSection(ProjectConfigurationPlatforms) = postSolution
		{2F86AF0F-14A1-45A2-BD97-43C417EF008A}.Debug|Any CPU.ActiveCfg = Debug|Any CPU
		{2F86AF0F-14A1-45A2-BD97-43C417EF008A}.Debug|Any CPU.Build.0 = Debug|Any CPU
		{2F86AF0F-14A1-45A2-BD97-43C417EF008A}.Release|Any CPU.ActiveCfg = Release|Any CPU
		{2F86AF0F-14A1-45A2-BD97-43C417EF008A}.Release|Any CPU.Build.0 = Release|Any CPU
	EndGlobalSection
	GlobalSection(SolutionProperties) = preSolution
		HideSolutionNode = FALSE
	EndGlobalSection
	GlobalSection(ExtensibilityGlobals) = postSolution
		SolutionGuid = {12BDC6BA-5DA1-4F2C-8521-255C975AF40A}
	EndGlobalSection
EndGlobal
