
Microsoft Visual Studio Solution File, Format Version 12.00
# Visual Studio Version 17
VisualStudioVersion = 17.7.34018.315
MinimumVisualStudioVersion = 10.0.40219.1
Project("{FAE04EC0-301F-11D3-BF4B-00C04F79EFBC}") = "Lab01_Bai06_MangMotChieu", "Lab01_Bai06_MangMotChieu.csproj", "{278BA5D9-18D0-4B3C-B648-2BB2CE1FF969}"
EndProject
Global
	GlobalSection(SolutionConfigurationPlatforms) = preSolution
		Debug|Any CPU = Debug|Any CPU
		Release|Any CPU = Release|Any CPU
	EndGlobalSection
	GlobalSection(ProjectConfigurationPlatforms) = postSolution
		{278BA5D9-18D0-4B3C-B648-2BB2CE1FF969}.Debug|Any CPU.ActiveCfg = Debug|Any CPU
		{278BA5D9-18D0-4B3C-B648-2BB2CE1FF969}.Debug|Any CPU.Build.0 = Debug|Any CPU
		{278BA5D9-18D0-4B3C-B648-2BB2CE1FF969}.Release|Any CPU.ActiveCfg = Release|Any CPU
		{278BA5D9-18D0-4B3C-B648-2BB2CE1FF969}.Release|Any CPU.Build.0 = Release|Any CPU
	EndGlobalSection
	GlobalSection(SolutionProperties) = preSolution
		HideSolutionNode = FALSE
	EndGlobalSection
	GlobalSection(ExtensibilityGlobals) = postSolution
		SolutionGuid = {1A2B46C3-3113-426F-BC21-4F3E0797225A}
	EndGlobalSection
EndGlobal
