
Microsoft Visual Studio Solution File, Format Version 12.00
# Visual Studio Version 17
VisualStudioVersion = 17.10.34916.146
MinimumVisualStudioVersion = 10.0.40219.1
Project("{FAE04EC0-301F-11D3-BF4B-00C04F79EFBC}") = "Lab02_E_Bai02", "Lab02_E_Bai02.csproj", "{C6DB2D11-B560-42A2-A20A-B3799833855C}"
EndProject
Global
	GlobalSection(SolutionConfigurationPlatforms) = preSolution
		Debug|Any CPU = Debug|Any CPU
		Release|Any CPU = Release|Any CPU
	EndGlobalSection
	GlobalSection(ProjectConfigurationPlatforms) = postSolution
		{C6DB2D11-B560-42A2-A20A-B3799833855C}.Debug|Any CPU.ActiveCfg = Debug|Any CPU
		{C6DB2D11-B560-42A2-A20A-B3799833855C}.Debug|Any CPU.Build.0 = Debug|Any CPU
		{C6DB2D11-B560-42A2-A20A-B3799833855C}.Release|Any CPU.ActiveCfg = Release|Any CPU
		{C6DB2D11-B560-42A2-A20A-B3799833855C}.Release|Any CPU.Build.0 = Release|Any CPU
	EndGlobalSection
	GlobalSection(SolutionProperties) = preSolution
		HideSolutionNode = FALSE
	EndGlobalSection
	GlobalSection(ExtensibilityGlobals) = postSolution
		SolutionGuid = {C2FFCF95-11ED-4001-BD3A-EA45430C622D}
	EndGlobalSection
EndGlobal
