
Microsoft Visual Studio Solution File, Format Version 12.00
# Visual Studio Version 17
VisualStudioVersion = 17.10.34928.147
MinimumVisualStudioVersion = 10.0.40219.1
Project("{FAE04EC0-301F-11D3-BF4B-00C04F79EFBC}") = "Lab06_D_Bai3", "Lab06_D_Bai3.csproj", "{6FDB0323-8959-4D19-B843-ABDD19FE16E6}"
EndProject
Global
	GlobalSection(SolutionConfigurationPlatforms) = preSolution
		Debug|Any CPU = Debug|Any CPU
		Release|Any CPU = Release|Any CPU
	EndGlobalSection
	GlobalSection(ProjectConfigurationPlatforms) = postSolution
		{6FDB0323-8959-4D19-B843-ABDD19FE16E6}.Debug|Any CPU.ActiveCfg = Debug|Any CPU
		{6FDB0323-8959-4D19-B843-ABDD19FE16E6}.Debug|Any CPU.Build.0 = Debug|Any CPU
		{6FDB0323-8959-4D19-B843-ABDD19FE16E6}.Release|Any CPU.ActiveCfg = Release|Any CPU
		{6FDB0323-8959-4D19-B843-ABDD19FE16E6}.Release|Any CPU.Build.0 = Release|Any CPU
	EndGlobalSection
	GlobalSection(SolutionProperties) = preSolution
		HideSolutionNode = FALSE
	EndGlobalSection
	GlobalSection(ExtensibilityGlobals) = postSolution
		SolutionGuid = {5E4942A2-F20C-4FE0-859F-67FAC7C68F28}
	EndGlobalSection
EndGlobal
