
Microsoft Visual Studio Solution File, Format Version 12.00
# Visual Studio Version 17
VisualStudioVersion = 17.10.35013.160
MinimumVisualStudioVersion = 10.0.40219.1
Project("{FAE04EC0-301F-11D3-BF4B-00C04F79EFBC}") = "Lab08_E_Bai2", "Lab08_E_Bai2.csproj", "{02E95C34-F546-4C48-BCDB-BDDDF1EF123C}"
EndProject
Global
	GlobalSection(SolutionConfigurationPlatforms) = preSolution
		Debug|Any CPU = Debug|Any CPU
		Release|Any CPU = Release|Any CPU
	EndGlobalSection
	GlobalSection(ProjectConfigurationPlatforms) = postSolution
		{02E95C34-F546-4C48-BCDB-BDDDF1EF123C}.Debug|Any CPU.ActiveCfg = Debug|Any CPU
		{02E95C34-F546-4C48-BCDB-BDDDF1EF123C}.Debug|Any CPU.Build.0 = Debug|Any CPU
		{02E95C34-F546-4C48-BCDB-BDDDF1EF123C}.Release|Any CPU.ActiveCfg = Release|Any CPU
		{02E95C34-F546-4C48-BCDB-BDDDF1EF123C}.Release|Any CPU.Build.0 = Release|Any CPU
	EndGlobalSection
	GlobalSection(SolutionProperties) = preSolution
		HideSolutionNode = FALSE
	EndGlobalSection
	GlobalSection(ExtensibilityGlobals) = postSolution
		SolutionGuid = {409EA352-1E47-46D6-8D46-968E24563EEA}
	EndGlobalSection
EndGlobal
