
Microsoft Visual Studio Solution File, Format Version 12.00
# Visual Studio Version 17
VisualStudioVersion = 17.10.34916.146
MinimumVisualStudioVersion = 10.0.40219.1
Project("{FAE04EC0-301F-11D3-BF4B-00C04F79EFBC}") = "Lab02_D_Bai03", "Lab02_D_Bai03.csproj", "{FC0F1E58-1CAC-4527-BBA9-E486AB3755C8}"
EndProject
Global
	GlobalSection(SolutionConfigurationPlatforms) = preSolution
		Debug|Any CPU = Debug|Any CPU
		Release|Any CPU = Release|Any CPU
	EndGlobalSection
	GlobalSection(ProjectConfigurationPlatforms) = postSolution
		{FC0F1E58-1CAC-4527-BBA9-E486AB3755C8}.Debug|Any CPU.ActiveCfg = Debug|Any CPU
		{FC0F1E58-1CAC-4527-BBA9-E486AB3755C8}.Debug|Any CPU.Build.0 = Debug|Any CPU
		{FC0F1E58-1CAC-4527-BBA9-E486AB3755C8}.Release|Any CPU.ActiveCfg = Release|Any CPU
		{FC0F1E58-1CAC-4527-BBA9-E486AB3755C8}.Release|Any CPU.Build.0 = Release|Any CPU
	EndGlobalSection
	GlobalSection(SolutionProperties) = preSolution
		HideSolutionNode = FALSE
	EndGlobalSection
	GlobalSection(ExtensibilityGlobals) = postSolution
		SolutionGuid = {D46FA7A8-CD47-4F70-815D-5692B7BB428A}
	EndGlobalSection
EndGlobal
