
Microsoft Visual Studio Solution File, Format Version 12.00
# Visual Studio Version 17
VisualStudioVersion = 17.10.34928.147
MinimumVisualStudioVersion = 10.0.40219.1
Project("{FAE04EC0-301F-11D3-BF4B-00C04F79EFBC}") = "Lab04_D_Bai3", "Lab04_D_Bai3.csproj", "{F812CEE6-318A-4F9C-A00E-45BC8E2444CC}"
EndProject
Global
	GlobalSection(SolutionConfigurationPlatforms) = preSolution
		Debug|Any CPU = Debug|Any CPU
		Release|Any CPU = Release|Any CPU
	EndGlobalSection
	GlobalSection(ProjectConfigurationPlatforms) = postSolution
		{F812CEE6-318A-4F9C-A00E-45BC8E2444CC}.Debug|Any CPU.ActiveCfg = Debug|Any CPU
		{F812CEE6-318A-4F9C-A00E-45BC8E2444CC}.Debug|Any CPU.Build.0 = Debug|Any CPU
		{F812CEE6-318A-4F9C-A00E-45BC8E2444CC}.Release|Any CPU.ActiveCfg = Release|Any CPU
		{F812CEE6-318A-4F9C-A00E-45BC8E2444CC}.Release|Any CPU.Build.0 = Release|Any CPU
	EndGlobalSection
	GlobalSection(SolutionProperties) = preSolution
		HideSolutionNode = FALSE
	EndGlobalSection
	GlobalSection(ExtensibilityGlobals) = postSolution
		SolutionGuid = {19CF63FD-CC03-4DA5-9060-A2AA653E7C48}
	EndGlobalSection
EndGlobal
