
Microsoft Visual Studio Solution File, Format Version 12.00
# Visual Studio Version 17
VisualStudioVersion = 17.10.34916.146
MinimumVisualStudioVersion = 10.0.40219.1
Project("{FAE04EC0-301F-11D3-BF4B-00C04F79EFBC}") = "Bai03_D_Bai03", "Bai03_D_Bai03.csproj", "{5BE95B4C-895D-4078-A18D-7FE1EE1CB31A}"
EndProject
Global
	GlobalSection(SolutionConfigurationPlatforms) = preSolution
		Debug|Any CPU = Debug|Any CPU
		Release|Any CPU = Release|Any CPU
	EndGlobalSection
	GlobalSection(ProjectConfigurationPlatforms) = postSolution
		{5BE95B4C-895D-4078-A18D-7FE1EE1CB31A}.Debug|Any CPU.ActiveCfg = Debug|Any CPU
		{5BE95B4C-895D-4078-A18D-7FE1EE1CB31A}.Debug|Any CPU.Build.0 = Debug|Any CPU
		{5BE95B4C-895D-4078-A18D-7FE1EE1CB31A}.Release|Any CPU.ActiveCfg = Release|Any CPU
		{5BE95B4C-895D-4078-A18D-7FE1EE1CB31A}.Release|Any CPU.Build.0 = Release|Any CPU
	EndGlobalSection
	GlobalSection(SolutionProperties) = preSolution
		HideSolutionNode = FALSE
	EndGlobalSection
	GlobalSection(ExtensibilityGlobals) = postSolution
		SolutionGuid = {66F75E67-A0C1-4E02-9ED7-5207EF2E198A}
	EndGlobalSection
EndGlobal
